
Microsoft Visual Studio Solution File, Format Version 12.00
# Visual Studio Version 17
VisualStudioVersion = 17.0.32126.317
MinimumVisualStudioVersion = 10.0.40219.1
Project("{FAE04EC0-301F-11D3-BF4B-00C04F79EFBC}") = "Exe5 (Part A)", "Exe5 (Part A)\Exe5 (Part A).csproj", "{4D76C489-2017-4BF3-A8A8-AA84E6F5DA3B}"
EndProject
Global
	GlobalSection(SolutionConfigurationPlatforms) = preSolution
		Debug|Any CPU = Debug|Any CPU
		Release|Any CPU = Release|Any CPU
	EndGlobalSection
	GlobalSection(ProjectConfigurationPlatforms) = postSolution
		{4D76C489-2017-4BF3-A8A8-AA84E6F5DA3B}.Debug|Any CPU.ActiveCfg = Debug|Any CPU
		{4D76C489-2017-4BF3-A8A8-AA84E6F5DA3B}.Debug|Any CPU.Build.0 = Debug|Any CPU
		{4D76C489-2017-4BF3-A8A8-AA84E6F5DA3B}.Release|Any CPU.ActiveCfg = Release|Any CPU
		{4D76C489-2017-4BF3-A8A8-AA84E6F5DA3B}.Release|Any CPU.Build.0 = Release|Any CPU
	EndGlobalSection
	GlobalSection(SolutionProperties) = preSolution
		HideSolutionNode = FALSE
	EndGlobalSection
	GlobalSection(ExtensibilityGlobals) = postSolution
		SolutionGuid = {BFC7E354-B8B1-470E-898B-9957027209E6}
	EndGlobalSection
EndGlobal
